
Microsoft Visual Studio Solution File, Format Version 12.00
Project("{2150E333-8FDC-42A3-9474-1A3956D46DE8}") = "src", "src", "{5F347F17-16C3-47AA-B819-23F3AD20CC51}"
EndProject
Project("{FAE04EC0-301F-11D3-BF4B-00C04F79EFBC}") = "Domain", "Domain\Domain.csproj", "{C0413FFE-4F55-48E1-94E9-C2258AD7C5E0}"
EndProject
Project("{FAE04EC0-301F-11D3-BF4B-00C04F79EFBC}") = "Application", "Application\Application.csproj", "{60C9A600-C317-4579-BED1-075F26D16D58}"
EndProject
Project("{FAE04EC0-301F-11D3-BF4B-00C04F79EFBC}") = "Infrastructure", "Infrastructure\Infrastructure.csproj", "{0308173E-25DF-4144-AFFC-59CD4DA5A890}"
EndProject
Project("{FAE04EC0-301F-11D3-BF4B-00C04F79EFBC}") = "Web", "Web\Web.csproj", "{C34FF8C4-C4DE-4897-9CF8-F287DCEF4B62}"
EndProject
Global
	GlobalSection(SolutionConfigurationPlatforms) = preSolution
		Debug|Any CPU = Debug|Any CPU
		Release|Any CPU = Release|Any CPU
	EndGlobalSection
	GlobalSection(ProjectConfigurationPlatforms) = postSolution
		{C0413FFE-4F55-48E1-94E9-C2258AD7C5E0}.Debug|Any CPU.ActiveCfg = Debug|Any CPU
		{C0413FFE-4F55-48E1-94E9-C2258AD7C5E0}.Debug|Any CPU.Build.0 = Debug|Any CPU
		{C0413FFE-4F55-48E1-94E9-C2258AD7C5E0}.Release|Any CPU.ActiveCfg = Release|Any CPU
		{C0413FFE-4F55-48E1-94E9-C2258AD7C5E0}.Release|Any CPU.Build.0 = Release|Any CPU
		{60C9A600-C317-4579-BED1-075F26D16D58}.Debug|Any CPU.ActiveCfg = Debug|Any CPU
		{60C9A600-C317-4579-BED1-075F26D16D58}.Debug|Any CPU.Build.0 = Debug|Any CPU
		{60C9A600-C317-4579-BED1-075F26D16D58}.Release|Any CPU.ActiveCfg = Release|Any CPU
		{60C9A600-C317-4579-BED1-075F26D16D58}.Release|Any CPU.Build.0 = Release|Any CPU
		{0308173E-25DF-4144-AFFC-59CD4DA5A890}.Debug|Any CPU.ActiveCfg = Debug|Any CPU
		{0308173E-25DF-4144-AFFC-59CD4DA5A890}.Debug|Any CPU.Build.0 = Debug|Any CPU
		{0308173E-25DF-4144-AFFC-59CD4DA5A890}.Release|Any CPU.ActiveCfg = Release|Any CPU
		{0308173E-25DF-4144-AFFC-59CD4DA5A890}.Release|Any CPU.Build.0 = Release|Any CPU
		{C34FF8C4-C4DE-4897-9CF8-F287DCEF4B62}.Debug|Any CPU.ActiveCfg = Debug|Any CPU
		{C34FF8C4-C4DE-4897-9CF8-F287DCEF4B62}.Debug|Any CPU.Build.0 = Debug|Any CPU
		{C34FF8C4-C4DE-4897-9CF8-F287DCEF4B62}.Release|Any CPU.ActiveCfg = Release|Any CPU
		{C34FF8C4-C4DE-4897-9CF8-F287DCEF4B62}.Release|Any CPU.Build.0 = Release|Any CPU
	EndGlobalSection
	GlobalSection(NestedProjects) = preSolution
		{C0413FFE-4F55-48E1-94E9-C2258AD7C5E0} = {5F347F17-16C3-47AA-B819-23F3AD20CC51}
		{60C9A600-C317-4579-BED1-075F26D16D58} = {5F347F17-16C3-47AA-B819-23F3AD20CC51}
		{0308173E-25DF-4144-AFFC-59CD4DA5A890} = {5F347F17-16C3-47AA-B819-23F3AD20CC51}
		{C34FF8C4-C4DE-4897-9CF8-F287DCEF4B62} = {5F347F17-16C3-47AA-B819-23F3AD20CC51}
	EndGlobalSection
EndGlobal
